
Microsoft Visual Studio Solution File, Format Version 12.00
# Visual Studio Version 16
VisualStudioVersion = 16.0.30011.22
MinimumVisualStudioVersion = 10.0.40219.1
Project("{FAE04EC0-301F-11D3-BF4B-00C04F79EFBC}") = "ProyectoVentasAB", "ProyectoVentasAB\ProyectoVentasAB.csproj", "{1FCD247D-4386-4161-9BC0-DDA76AFA5716}"
EndProject
Global
	GlobalSection(SolutionConfigurationPlatforms) = preSolution
		Debug|Any CPU = Debug|Any CPU
		Release|Any CPU = Release|Any CPU
	EndGlobalSection
	GlobalSection(ProjectConfigurationPlatforms) = postSolution
		{1FCD247D-4386-4161-9BC0-DDA76AFA5716}.Debug|Any CPU.ActiveCfg = Debug|Any CPU
		{1FCD247D-4386-4161-9BC0-DDA76AFA5716}.Debug|Any CPU.Build.0 = Debug|Any CPU
		{1FCD247D-4386-4161-9BC0-DDA76AFA5716}.Release|Any CPU.ActiveCfg = Release|Any CPU
		{1FCD247D-4386-4161-9BC0-DDA76AFA5716}.Release|Any CPU.Build.0 = Release|Any CPU
	EndGlobalSection
	GlobalSection(SolutionProperties) = preSolution
		HideSolutionNode = FALSE
	EndGlobalSection
	GlobalSection(ExtensibilityGlobals) = postSolution
		SolutionGuid = {82F6FF49-E520-4BE6-B64E-86EBBBB7D8EE}
	EndGlobalSection
EndGlobal
